// !$*UTF8*$!
{
	archiveVersion = 1;
	classes = {
	};
	objectVersion = 50;
	objects = {

/* Begin PBXBuildFile section */
		A40ADE7421502AA7009363D3 /* ErrorViewController.swift in Sources */ = {isa = PBXBuildFile; fileRef = A40ADE7221502AA7009363D3 /* ErrorViewController.swift */; };
		A40ADE7521502AA8009363D3 /* ErrorViewController.xib in Resources */ = {isa = PBXBuildFile; fileRef = A40ADE7321502AA7009363D3 /* ErrorViewController.xib */; };
		A40ADE7721516E61009363D3 /* RequestRideViewController.swift in Sources */ = {isa = PBXBuildFile; fileRef = A40ADE7621516E61009363D3 /* RequestRideViewController.swift */; };
		A412D6ED2152B0F5000E75DC /* LeaveCommentViewController.swift in Sources */ = {isa = PBXBuildFile; fileRef = A412D6EC2152B0F5000E75DC /* LeaveCommentViewController.swift */; };
		A412D6EF2152B273000E75DC /* LostAndFoundViewController.swift in Sources */ = {isa = PBXBuildFile; fileRef = A412D6EE2152B273000E75DC /* LostAndFoundViewController.swift */; };
		A412D6F12152DAE8000E75DC /* UIViewController+TableViewUtilities.swift in Sources */ = {isa = PBXBuildFile; fileRef = A412D6F02152DAE8000E75DC /* UIViewController+TableViewUtilities.swift */; };
		A422DC452146CB4A00321D4D /* WaitTimeViewController.swift in Sources */ = {isa = PBXBuildFile; fileRef = A422DC432146CB4A00321D4D /* WaitTimeViewController.swift */; };
		A422DC462146CB4A00321D4D /* WaitTimeViewController.xib in Resources */ = {isa = PBXBuildFile; fileRef = A422DC442146CB4A00321D4D /* WaitTimeViewController.xib */; };
		A422DC482147047A00321D4D /* Int+WaitTime.swift in Sources */ = {isa = PBXBuildFile; fileRef = A422DC472147047A00321D4D /* Int+WaitTime.swift */; };
		A422DC4A21471FCA00321D4D /* OptionScreenViewController.swift in Sources */ = {isa = PBXBuildFile; fileRef = A422DC4921471FCA00321D4D /* OptionScreenViewController.swift */; };
		A4287657214B6B1800C89FA0 /* EstimatedWaitTime.swift in Sources */ = {isa = PBXBuildFile; fileRef = A4287656214B6B1800C89FA0 /* EstimatedWaitTime.swift */; };
		A42B8085211D3E1400D6E9C6 /* AppDelegate.swift in Sources */ = {isa = PBXBuildFile; fileRef = A42B8084211D3E1400D6E9C6 /* AppDelegate.swift */; };
		A42B8087211D3E1400D6E9C6 /* ViewController.swift in Sources */ = {isa = PBXBuildFile; fileRef = A42B8086211D3E1400D6E9C6 /* ViewController.swift */; };
		A42B808A211D3E1400D6E9C6 /* Main.storyboard in Resources */ = {isa = PBXBuildFile; fileRef = A42B8088211D3E1400D6E9C6 /* Main.storyboard */; };
		A42B808C211D3E1600D6E9C6 /* Assets.xcassets in Resources */ = {isa = PBXBuildFile; fileRef = A42B808B211D3E1600D6E9C6 /* Assets.xcassets */; };
		A42B808F211D3E1600D6E9C6 /* LaunchScreen.storyboard in Resources */ = {isa = PBXBuildFile; fileRef = A42B808D211D3E1600D6E9C6 /* LaunchScreen.storyboard */; };
		A4775FEB2124B564003E5540 /* WaitingViewController.swift in Sources */ = {isa = PBXBuildFile; fileRef = A4775FE92124B564003E5540 /* WaitingViewController.swift */; };
		A4775FEC2124B564003E5540 /* WaitingViewController.xib in Resources */ = {isa = PBXBuildFile; fileRef = A4775FEA2124B564003E5540 /* WaitingViewController.xib */; };
/* End PBXBuildFile section */

/* Begin PBXFileReference section */
		A40ADE7221502AA7009363D3 /* ErrorViewController.swift */ = {isa = PBXFileReference; lastKnownFileType = sourcecode.swift; path = ErrorViewController.swift; sourceTree = "<group>"; };
		A40ADE7321502AA7009363D3 /* ErrorViewController.xib */ = {isa = PBXFileReference; lastKnownFileType = file.xib; path = ErrorViewController.xib; sourceTree = "<group>"; };
		A40ADE7621516E61009363D3 /* RequestRideViewController.swift */ = {isa = PBXFileReference; lastKnownFileType = sourcecode.swift; path = RequestRideViewController.swift; sourceTree = "<group>"; };
		A412D6EC2152B0F5000E75DC /* LeaveCommentViewController.swift */ = {isa = PBXFileReference; lastKnownFileType = sourcecode.swift; path = LeaveCommentViewController.swift; sourceTree = "<group>"; };
		A412D6EE2152B273000E75DC /* LostAndFoundViewController.swift */ = {isa = PBXFileReference; lastKnownFileType = sourcecode.swift; path = LostAndFoundViewController.swift; sourceTree = "<group>"; };
		A412D6F02152DAE8000E75DC /* UIViewController+TableViewUtilities.swift */ = {isa = PBXFileReference; fileEncoding = 4; lastKnownFileType = sourcecode.swift; path = "UIViewController+TableViewUtilities.swift"; sourceTree = "<group>"; };
		A422DC432146CB4A00321D4D /* WaitTimeViewController.swift */ = {isa = PBXFileReference; lastKnownFileType = sourcecode.swift; path = WaitTimeViewController.swift; sourceTree = "<group>"; };
		A422DC442146CB4A00321D4D /* WaitTimeViewController.xib */ = {isa = PBXFileReference; lastKnownFileType = file.xib; path = WaitTimeViewController.xib; sourceTree = "<group>"; };
		A422DC472147047A00321D4D /* Int+WaitTime.swift */ = {isa = PBXFileReference; lastKnownFileType = sourcecode.swift; path = "Int+WaitTime.swift"; sourceTree = "<group>"; };
		A422DC4921471FCA00321D4D /* OptionScreenViewController.swift */ = {isa = PBXFileReference; lastKnownFileType = sourcecode.swift; path = OptionScreenViewController.swift; sourceTree = "<group>"; };
		A4287656214B6B1800C89FA0 /* EstimatedWaitTime.swift */ = {isa = PBXFileReference; lastKnownFileType = sourcecode.swift; path = EstimatedWaitTime.swift; sourceTree = "<group>"; };
		A42B8081211D3E1400D6E9C6 /* STRIPES.app */ = {isa = PBXFileReference; explicitFileType = wrapper.application; includeInIndex = 0; path = STRIPES.app; sourceTree = BUILT_PRODUCTS_DIR; };
		A42B8084211D3E1400D6E9C6 /* AppDelegate.swift */ = {isa = PBXFileReference; lastKnownFileType = sourcecode.swift; path = AppDelegate.swift; sourceTree = "<group>"; };
		A42B8086211D3E1400D6E9C6 /* ViewController.swift */ = {isa = PBXFileReference; lastKnownFileType = sourcecode.swift; path = ViewController.swift; sourceTree = "<group>"; };
		A42B8089211D3E1400D6E9C6 /* Base */ = {isa = PBXFileReference; lastKnownFileType = file.storyboard; name = Base; path = Base.lproj/Main.storyboard; sourceTree = "<group>"; };
		A42B808B211D3E1600D6E9C6 /* Assets.xcassets */ = {isa = PBXFileReference; lastKnownFileType = folder.assetcatalog; path = Assets.xcassets; sourceTree = "<group>"; };
		A42B808E211D3E1600D6E9C6 /* Base */ = {isa = PBXFileReference; lastKnownFileType = file.storyboard; name = Base; path = Base.lproj/LaunchScreen.storyboard; sourceTree = "<group>"; };
		A42B8090211D3E1600D6E9C6 /* Info.plist */ = {isa = PBXFileReference; lastKnownFileType = text.plist.xml; path = Info.plist; sourceTree = "<group>"; };
		A4775FE92124B564003E5540 /* WaitingViewController.swift */ = {isa = PBXFileReference; lastKnownFileType = sourcecode.swift; path = WaitingViewController.swift; sourceTree = "<group>"; };
		A4775FEA2124B564003E5540 /* WaitingViewController.xib */ = {isa = PBXFileReference; lastKnownFileType = file.xib; path = WaitingViewController.xib; sourceTree = "<group>"; };
/* End PBXFileReference section */

/* Begin PBXFrameworksBuildPhase section */
		A42B807E211D3E1400D6E9C6 /* Frameworks */ = {
			isa = PBXFrameworksBuildPhase;
			buildActionMask = 2147483647;
			files = (
			);
			runOnlyForDeploymentPostprocessing = 0;
		};
/* End PBXFrameworksBuildPhase section */

/* Begin PBXGroup section */
		A42B8078211D3E1400D6E9C6 = {
			isa = PBXGroup;
			children = (
				A42B8083211D3E1400D6E9C6 /* STRIPES */,
				A42B8082211D3E1400D6E9C6 /* Products */,
			);
			sourceTree = "<group>";
		};
		A42B8082211D3E1400D6E9C6 /* Products */ = {
			isa = PBXGroup;
			children = (
				A42B8081211D3E1400D6E9C6 /* STRIPES.app */,
			);
			name = Products;
			sourceTree = "<group>";
		};
		A42B8083211D3E1400D6E9C6 /* STRIPES */ = {
			isa = PBXGroup;
			children = (
				A412D6F02152DAE8000E75DC /* UIViewController+TableViewUtilities.swift */,
				A4775FE92124B564003E5540 /* WaitingViewController.swift */,
				A4775FEA2124B564003E5540 /* WaitingViewController.xib */,
				A42B8084211D3E1400D6E9C6 /* AppDelegate.swift */,
				A42B8086211D3E1400D6E9C6 /* ViewController.swift */,
				A42B8088211D3E1400D6E9C6 /* Main.storyboard */,
				A42B808B211D3E1600D6E9C6 /* Assets.xcassets */,
				A42B808D211D3E1600D6E9C6 /* LaunchScreen.storyboard */,
				A42B8090211D3E1600D6E9C6 /* Info.plist */,
				A422DC432146CB4A00321D4D /* WaitTimeViewController.swift */,
				A422DC442146CB4A00321D4D /* WaitTimeViewController.xib */,
				A422DC472147047A00321D4D /* Int+WaitTime.swift */,
				A422DC4921471FCA00321D4D /* OptionScreenViewController.swift */,
				A4287656214B6B1800C89FA0 /* EstimatedWaitTime.swift */,
				A40ADE7221502AA7009363D3 /* ErrorViewController.swift */,
				A40ADE7321502AA7009363D3 /* ErrorViewController.xib */,
				A40ADE7621516E61009363D3 /* RequestRideViewController.swift */,
				A412D6EC2152B0F5000E75DC /* LeaveCommentViewController.swift */,
				A412D6EE2152B273000E75DC /* LostAndFoundViewController.swift */,
			);
			path = STRIPES;
			sourceTree = "<group>";
		};
/* End PBXGroup section */

/* Begin PBXNativeTarget section */
		A42B8080211D3E1400D6E9C6 /* STRIPES */ = {
			isa = PBXNativeTarget;
			buildConfigurationList = A42B8093211D3E1600D6E9C6 /* Build configuration list for PBXNativeTarget "STRIPES" */;
			buildPhases = (
				A42B807D211D3E1400D6E9C6 /* Sources */,
				A42B807E211D3E1400D6E9C6 /* Frameworks */,
				A42B807F211D3E1400D6E9C6 /* Resources */,
			);
			buildRules = (
			);
			dependencies = (
			);
			name = STRIPES;
			productName = STRIPES;
			productReference = A42B8081211D3E1400D6E9C6 /* STRIPES.app */;
			productType = "com.apple.product-type.application";
		};
/* End PBXNativeTarget section */

/* Begin PBXProject section */
		A42B8079211D3E1400D6E9C6 /* Project object */ = {
			isa = PBXProject;
			attributes = {
				LastSwiftUpdateCheck = 0940;
				LastUpgradeCheck = 0940;
				ORGANIZATIONNAME = "Nicolle Lenzmeier";
				TargetAttributes = {
					A42B8080211D3E1400D6E9C6 = {
						CreatedOnToolsVersion = 9.4.1;
					};
				};
			};
			buildConfigurationList = A42B807C211D3E1400D6E9C6 /* Build configuration list for PBXProject "STRIPES" */;
			compatibilityVersion = "Xcode 9.3";
			developmentRegion = en;
			hasScannedForEncodings = 0;
			knownRegions = (
				en,
				Base,
			);
			mainGroup = A42B8078211D3E1400D6E9C6;
			productRefGroup = A42B8082211D3E1400D6E9C6 /* Products */;
			projectDirPath = "";
			projectRoot = "";
			targets = (
				A42B8080211D3E1400D6E9C6 /* STRIPES */,
			);
		};
/* End PBXProject section */

/* Begin PBXResourcesBuildPhase section */
		A42B807F211D3E1400D6E9C6 /* Resources */ = {
			isa = PBXResourcesBuildPhase;
			buildActionMask = 2147483647;
			files = (
				A4775FEC2124B564003E5540 /* WaitingViewController.xib in Resources */,
				A42B808F211D3E1600D6E9C6 /* LaunchScreen.storyboard in Resources */,
				A42B808C211D3E1600D6E9C6 /* Assets.xcassets in Resources */,
				A40ADE7521502AA8009363D3 /* ErrorViewController.xib in Resources */,
				A422DC462146CB4A00321D4D /* WaitTimeViewController.xib in Resources */,
				A42B808A211D3E1400D6E9C6 /* Main.storyboard in Resources */,
			);
			runOnlyForDeploymentPostprocessing = 0;
		};
/* End PBXResourcesBuildPhase section */

/* Begin PBXSourcesBuildPhase section */
		A42B807D211D3E1400D6E9C6 /* Sources */ = {
			isa = PBXSourcesBuildPhase;
			buildActionMask = 2147483647;
			files = (
				A42B8087211D3E1400D6E9C6 /* ViewController.swift in Sources */,
				A40ADE7721516E61009363D3 /* RequestRideViewController.swift in Sources */,
				A42B8085211D3E1400D6E9C6 /* AppDelegate.swift in Sources */,
				A412D6F12152DAE8000E75DC /* UIViewController+TableViewUtilities.swift in Sources */,
				A422DC4A21471FCA00321D4D /* OptionScreenViewController.swift in Sources */,
				A412D6ED2152B0F5000E75DC /* LeaveCommentViewController.swift in Sources */,
				A422DC482147047A00321D4D /* Int+WaitTime.swift in Sources */,
				A4287657214B6B1800C89FA0 /* EstimatedWaitTime.swift in Sources */,
				A40ADE7421502AA7009363D3 /* ErrorViewController.swift in Sources */,
				A412D6EF2152B273000E75DC /* LostAndFoundViewController.swift in Sources */,
				A422DC452146CB4A00321D4D /* WaitTimeViewController.swift in Sources */,
				A4775FEB2124B564003E5540 /* WaitingViewController.swift in Sources */,
			);
			runOnlyForDeploymentPostprocessing = 0;
		};
/* End PBXSourcesBuildPhase section */

/* Begin PBXVariantGroup section */
		A42B8088211D3E1400D6E9C6 /* Main.storyboard */ = {
			isa = PBXVariantGroup;
			children = (
				A42B8089211D3E1400D6E9C6 /* Base */,
			);
			name = Main.storyboard;
			sourceTree = "<group>";
		};
		A42B808D211D3E1600D6E9C6 /* LaunchScreen.storyboard */ = {
			isa = PBXVariantGroup;
			children = (
				A42B808E211D3E1600D6E9C6 /* Base */,
			);
			name = LaunchScreen.storyboard;
			sourceTree = "<group>";
		};
/* End PBXVariantGroup section */

/* Begin XCBuildConfiguration section */
		A42B8091211D3E1600D6E9C6 /* Debug */ = {
			isa = XCBuildConfiguration;
			buildSettings = {
				ALWAYS_SEARCH_USER_PATHS = NO;
				CLANG_ANALYZER_NONNULL = YES;
				CLANG_ANALYZER_NUMBER_OBJECT_CONVERSION = YES_AGGRESSIVE;
				CLANG_CXX_LANGUAGE_STANDARD = "gnu++14";
				CLANG_CXX_LIBRARY = "libc++";
				CLANG_ENABLE_MODULES = YES;
				CLANG_ENABLE_OBJC_ARC = YES;
				CLANG_ENABLE_OBJC_WEAK = YES;
				CLANG_WARN_BLOCK_CAPTURE_AUTORELEASING = YES;
				CLANG_WARN_BOOL_CONVERSION = YES;
				CLANG_WARN_COMMA = YES;
				CLANG_WARN_CONSTANT_CONVERSION = YES;
				CLANG_WARN_DEPRECATED_OBJC_IMPLEMENTATIONS = YES;
				CLANG_WARN_DIRECT_OBJC_ISA_USAGE = YES_ERROR;
				CLANG_WARN_DOCUMENTATION_COMMENTS = YES;
				CLANG_WARN_EMPTY_BODY = YES;
				CLANG_WARN_ENUM_CONVERSION = YES;
				CLANG_WARN_INFINITE_RECURSION = YES;
				CLANG_WARN_INT_CONVERSION = YES;
				CLANG_WARN_NON_LITERAL_NULL_CONVERSION = YES;
				CLANG_WARN_OBJC_IMPLICIT_RETAIN_SELF = YES;
				CLANG_WARN_OBJC_LITERAL_CONVERSION = YES;
				CLANG_WARN_OBJC_ROOT_CLASS = YES_ERROR;
				CLANG_WARN_RANGE_LOOP_ANALYSIS = YES;
				CLANG_WARN_STRICT_PROTOTYPES = YES;
				CLANG_WARN_SUSPICIOUS_MOVE = YES;
				CLANG_WARN_UNGUARDED_AVAILABILITY = YES_AGGRESSIVE;
				CLANG_WARN_UNREACHABLE_CODE = YES;
				CLANG_WARN__DUPLICATE_METHOD_MATCH = YES;
				CODE_SIGN_IDENTITY = "iPhone Developer";
				COPY_PHASE_STRIP = NO;
				DEBUG_INFORMATION_FORMAT = dwarf;
				ENABLE_STRICT_OBJC_MSGSEND = YES;
				ENABLE_TESTABILITY = YES;
				GCC_C_LANGUAGE_STANDARD = gnu11;
				GCC_DYNAMIC_NO_PIC = NO;
				GCC_NO_COMMON_BLOCKS = YES;
				GCC_OPTIMIZATION_LEVEL = 0;
				GCC_PREPROCESSOR_DEFINITIONS = (
					"DEBUG=1",
					"$(inherited)",
				);
				GCC_WARN_64_TO_32_BIT_CONVERSION = YES;
				GCC_WARN_ABOUT_RETURN_TYPE = YES_ERROR;
				GCC_WARN_UNDECLARED_SELECTOR = YES;
				GCC_WARN_UNINITIALIZED_AUTOS = YES_AGGRESSIVE;
				GCC_WARN_UNUSED_FUNCTION = YES;
				GCC_WARN_UNUSED_VARIABLE = YES;
				IPHONEOS_DEPLOYMENT_TARGET = 11.4;
				MTL_ENABLE_DEBUG_INFO = YES;
				ONLY_ACTIVE_ARCH = YES;
				SDKROOT = iphoneos;
				SWIFT_ACTIVE_COMPILATION_CONDITIONS = DEBUG;
				SWIFT_OPTIMIZATION_LEVEL = "-Onone";
			};
			name = Debug;
		};
		A42B8092211D3E1600D6E9C6 /* Release */ = {
			isa = XCBuildConfiguration;
			buildSettings = {
				ALWAYS_SEARCH_USER_PATHS = NO;
				CLANG_ANALYZER_NONNULL = YES;
				CLANG_ANALYZER_NUMBER_OBJECT_CONVERSION = YES_AGGRESSIVE;
				CLANG_CXX_LANGUAGE_STANDARD = "gnu++14";
				CLANG_CXX_LIBRARY = "libc++";
				CLANG_ENABLE_MODULES = YES;
				CLANG_ENABLE_OBJC_ARC = YES;
				CLANG_ENABLE_OBJC_WEAK = YES;
				CLANG_WARN_BLOCK_CAPTURE_AUTORELEASING = YES;
				CLANG_WARN_BOOL_CONVERSION = YES;
				CLANG_WARN_COMMA = YES;
				CLANG_WARN_CONSTANT_CONVERSION = YES;
				CLANG_WARN_DEPRECATED_OBJC_IMPLEMENTATIONS = YES;
				CLANG_WARN_DIRECT_OBJC_ISA_USAGE = YES_ERROR;
				CLANG_WARN_DOCUMENTATION_COMMENTS = YES;
				CLANG_WARN_EMPTY_BODY = YES;
				CLANG_WARN_ENUM_CONVERSION = YES;
				CLANG_WARN_INFINITE_RECURSION = YES;
				CLANG_WARN_INT_CONVERSION = YES;
				CLANG_WARN_NON_LITERAL_NULL_CONVERSION = YES;
				CLANG_WARN_OBJC_IMPLICIT_RETAIN_SELF = YES;
				CLANG_WARN_OBJC_LITERAL_CONVERSION = YES;
				CLANG_WARN_OBJC_ROOT_CLASS = YES_ERROR;
				CLANG_WARN_RANGE_LOOP_ANALYSIS = YES;
				CLANG_WARN_STRICT_PROTOTYPES = YES;
				CLANG_WARN_SUSPICIOUS_MOVE = YES;
				CLANG_WARN_UNGUARDED_AVAILABILITY = YES_AGGRESSIVE;
				CLANG_WARN_UNREACHABLE_CODE = YES;
				CLANG_WARN__DUPLICATE_METHOD_MATCH = YES;
				CODE_SIGN_IDENTITY = "iPhone Developer";
				COPY_PHASE_STRIP = NO;
				DEBUG_INFORMATION_FORMAT = "dwarf-with-dsym";
				ENABLE_NS_ASSERTIONS = NO;
				ENABLE_STRICT_OBJC_MSGSEND = YES;
				GCC_C_LANGUAGE_STANDARD = gnu11;
				GCC_NO_COMMON_BLOCKS = YES;
				GCC_WARN_64_TO_32_BIT_CONVERSION = YES;
				GCC_WARN_ABOUT_RETURN_TYPE = YES_ERROR;
				GCC_WARN_UNDECLARED_SELECTOR = YES;
				GCC_WARN_UNINITIALIZED_AUTOS = YES_AGGRESSIVE;
				GCC_WARN_UNUSED_FUNCTION = YES;
				GCC_WARN_UNUSED_VARIABLE = YES;
				IPHONEOS_DEPLOYMENT_TARGET = 11.4;
				MTL_ENABLE_DEBUG_INFO = NO;
				SDKROOT = iphoneos;
				SWIFT_COMPILATION_MODE = wholemodule;
				SWIFT_OPTIMIZATION_LEVEL = "-O";
				VALIDATE_PRODUCT = YES;
			};
			name = Release;
		};
		A42B8094211D3E1600D6E9C6 /* Debug */ = {
			isa = XCBuildConfiguration;
			buildSettings = {
				ASSETCATALOG_COMPILER_APPICON_NAME = AppIcon;
				CODE_SIGN_STYLE = Automatic;
				DEVELOPMENT_TEAM = DW9WX28R56;
				INFOPLIST_FILE = STRIPES/Info.plist;
				LD_RUNPATH_SEARCH_PATHS = (
					"$(inherited)",
					"@executable_path/Frameworks",
				);
				PRODUCT_BUNDLE_IDENTIFIER = com.lenzmeier.STRIPES;
				PRODUCT_NAME = "$(TARGET_NAME)";
				SWIFT_VERSION = 4.0;
				TARGETED_DEVICE_FAMILY = "1,2";
			};
			name = Debug;
		};
		A42B8095211D3E1600D6E9C6 /* Release */ = {
			isa = XCBuildConfiguration;
			buildSettings = {
				ASSETCATALOG_COMPILER_APPICON_NAME = AppIcon;
				CODE_SIGN_STYLE = Automatic;
				DEVELOPMENT_TEAM = DW9WX28R56;
				INFOPLIST_FILE = STRIPES/Info.plist;
				LD_RUNPATH_SEARCH_PATHS = (
					"$(inherited)",
					"@executable_path/Frameworks",
				);
				PRODUCT_BUNDLE_IDENTIFIER = com.lenzmeier.STRIPES;
				PRODUCT_NAME = "$(TARGET_NAME)";
				SWIFT_VERSION = 4.0;
				TARGETED_DEVICE_FAMILY = "1,2";
			};
			name = Release;
		};
/* End XCBuildConfiguration section */

/* Begin XCConfigurationList section */
		A42B807C211D3E1400D6E9C6 /* Build configuration list for PBXProject "STRIPES" */ = {
			isa = XCConfigurationList;
			buildConfigurations = (
				A42B8091211D3E1600D6E9C6 /* Debug */,
				A42B8092211D3E1600D6E9C6 /* Release */,
			);
			defaultConfigurationIsVisible = 0;
			defaultConfigurationName = Release;
		};
		A42B8093211D3E1600D6E9C6 /* Build configuration list for PBXNativeTarget "STRIPES" */ = {
			isa = XCConfigurationList;
			buildConfigurations = (
				A42B8094211D3E1600D6E9C6 /* Debug */,
				A42B8095211D3E1600D6E9C6 /* Release */,
			);
			defaultConfigurationIsVisible = 0;
			defaultConfigurationName = Release;
		};
/* End XCConfigurationList section */
	};
	rootObject = A42B8079211D3E1400D6E9C6 /* Project object */;
}
